
Microsoft Visual Studio Solution File, Format Version 12.00
# Visual Studio Version 16
VisualStudioVersion = 16.0.32228.343
MinimumVisualStudioVersion = 10.0.40219.1
Project("{FAE04EC0-301F-11D3-BF4B-00C04F79EFBC}") = "OgrenciMvcOdev", "OgrenciMvcOdev\OgrenciMvcOdev.csproj", "{49A03FDE-FA16-43EA-9A0D-264132716D17}"
EndProject
Global
	GlobalSection(SolutionConfigurationPlatforms) = preSolution
		Debug|Any CPU = Debug|Any CPU
		Release|Any CPU = Release|Any CPU
	EndGlobalSection
	GlobalSection(ProjectConfigurationPlatforms) = postSolution
		{49A03FDE-FA16-43EA-9A0D-264132716D17}.Debug|Any CPU.ActiveCfg = Debug|Any CPU
		{49A03FDE-FA16-43EA-9A0D-264132716D17}.Debug|Any CPU.Build.0 = Debug|Any CPU
		{49A03FDE-FA16-43EA-9A0D-264132716D17}.Release|Any CPU.ActiveCfg = Release|Any CPU
		{49A03FDE-FA16-43EA-9A0D-264132716D17}.Release|Any CPU.Build.0 = Release|Any CPU
	EndGlobalSection
	GlobalSection(SolutionProperties) = preSolution
		HideSolutionNode = FALSE
	EndGlobalSection
	GlobalSection(ExtensibilityGlobals) = postSolution
		SolutionGuid = {FDF2FD00-116E-4DD6-A1C4-297BFD689A46}
	EndGlobalSection
EndGlobal
